{
    "requires": true,
    "lockfileVersion": 1,
    "dependencies": {
        "ngx-spinner": {
            "version": "2.0.1",
            "resolved": "https://registry.npmjs.org/ngx-spinner/-/ngx-spinner-2.0.1.tgz",
            "integrity": "sha512-YMZ9fxdwDu91uor1dg+MEafuCpMj49VrxPhoWDTs2jfVKLbHp9laJUeZ3qQhFjSizd7+jpQeei7K1VV/sY8uUg=="
        }
    }
}
